
Microsoft Visual Studio Solution File, Format Version 12.00
# Visual Studio Version 17
VisualStudioVersion = 17.6.33723.286
MinimumVisualStudioVersion = 10.0.40219.1
Project("{FAE04EC0-301F-11D3-BF4B-00C04F79EFBC}") = "WebApplicationRahul", "WebApplicationRahul\WebApplicationRahul.csproj", "{2346E7F0-0A7B-4383-AB94-23367E16B382}"
EndProject
Global
	GlobalSection(SolutionConfigurationPlatforms) = preSolution
		Debug|Any CPU = Debug|Any CPU
		Release|Any CPU = Release|Any CPU
	EndGlobalSection
	GlobalSection(ProjectConfigurationPlatforms) = postSolution
		{2346E7F0-0A7B-4383-AB94-23367E16B382}.Debug|Any CPU.ActiveCfg = Debug|Any CPU
		{2346E7F0-0A7B-4383-AB94-23367E16B382}.Debug|Any CPU.Build.0 = Debug|Any CPU
		{2346E7F0-0A7B-4383-AB94-23367E16B382}.Release|Any CPU.ActiveCfg = Release|Any CPU
		{2346E7F0-0A7B-4383-AB94-23367E16B382}.Release|Any CPU.Build.0 = Release|Any CPU
	EndGlobalSection
	GlobalSection(SolutionProperties) = preSolution
		HideSolutionNode = FALSE
	EndGlobalSection
	GlobalSection(ExtensibilityGlobals) = postSolution
		SolutionGuid = {95CA5570-D454-419D-875C-546B7029A377}
	EndGlobalSection
EndGlobal
